
Microsoft Visual Studio Solution File, Format Version 12.00
# Visual Studio 15
Project("{FAE04EC0-301F-11D3-BF4B-00C04F79EFBC}") = "Assembly-CSharp-firstpass", "Assembly-CSharp-firstpass.csproj", "{AF4F3EBE-CE30-DC05-A587-93EC8AABFD15}"
EndProject
Project("{FAE04EC0-301F-11D3-BF4B-00C04F79EFBC}") = "Assembly-CSharp", "Assembly-CSharp.csproj", "{AA519318-41D7-B5D1-7D64-07646E9227B9}"
EndProject
Global
	GlobalSection(SolutionConfigurationPlatforms) = preSolution
		Debug|Any CPU = Debug|Any CPU
		Release|Any CPU = Release|Any CPU
	EndGlobalSection
	GlobalSection(ProjectConfigurationPlatforms) = postSolution
		{AF4F3EBE-CE30-DC05-A587-93EC8AABFD15}.Debug|Any CPU.ActiveCfg = Debug|Any CPU
		{AF4F3EBE-CE30-DC05-A587-93EC8AABFD15}.Debug|Any CPU.Build.0 = Debug|Any CPU
		{AF4F3EBE-CE30-DC05-A587-93EC8AABFD15}.Release|Any CPU.ActiveCfg = Release|Any CPU
		{AF4F3EBE-CE30-DC05-A587-93EC8AABFD15}.Release|Any CPU.Build.0 = Release|Any CPU
		{AA519318-41D7-B5D1-7D64-07646E9227B9}.Debug|Any CPU.ActiveCfg = Debug|Any CPU
		{AA519318-41D7-B5D1-7D64-07646E9227B9}.Debug|Any CPU.Build.0 = Debug|Any CPU
		{AA519318-41D7-B5D1-7D64-07646E9227B9}.Release|Any CPU.ActiveCfg = Release|Any CPU
		{AA519318-41D7-B5D1-7D64-07646E9227B9}.Release|Any CPU.Build.0 = Release|Any CPU
	EndGlobalSection
	GlobalSection(SolutionProperties) = preSolution
		HideSolutionNode = FALSE
	EndGlobalSection
EndGlobal
